
Microsoft Visual Studio Solution File, Format Version 12.00
# Visual Studio Version 16
VisualStudioVersion = 16.0.30907.101
MinimumVisualStudioVersion = 10.0.40219.1
Project("{FAE04EC0-301F-11D3-BF4B-00C04F79EFBC}") = "Assignment5MathGame", "Assignment5MathGame\Assignment5MathGame.csproj", "{F73CBE23-89E7-4716-8CFD-2AC24D256571}"
EndProject
Global
	GlobalSection(SolutionConfigurationPlatforms) = preSolution
		Debug|Any CPU = Debug|Any CPU
		Release|Any CPU = Release|Any CPU
	EndGlobalSection
	GlobalSection(ProjectConfigurationPlatforms) = postSolution
		{F73CBE23-89E7-4716-8CFD-2AC24D256571}.Debug|Any CPU.ActiveCfg = Debug|Any CPU
		{F73CBE23-89E7-4716-8CFD-2AC24D256571}.Debug|Any CPU.Build.0 = Debug|Any CPU
		{F73CBE23-89E7-4716-8CFD-2AC24D256571}.Release|Any CPU.ActiveCfg = Release|Any CPU
		{F73CBE23-89E7-4716-8CFD-2AC24D256571}.Release|Any CPU.Build.0 = Release|Any CPU
	EndGlobalSection
	GlobalSection(SolutionProperties) = preSolution
		HideSolutionNode = FALSE
	EndGlobalSection
	GlobalSection(ExtensibilityGlobals) = postSolution
		SolutionGuid = {9C9C29B8-7E3A-418B-8D78-3C6B0E52D771}
	EndGlobalSection
EndGlobal
